
Microsoft Visual Studio Solution File, Format Version 12.00
# Visual Studio Version 17
VisualStudioVersion = 17.1.32203.90
MinimumVisualStudioVersion = 10.0.40219.1
Project("{2150E333-8FDC-42A3-9474-1A3956D46DE8}") = "SolutionFiles", "SolutionFiles", "{9288ED2B-642B-4EC8-B5B6-9039CF2D3538}"
	ProjectSection(SolutionItems) = preProject
		.editorconfig = .editorconfig
		.gitattributes = .gitattributes
		.gitignore = .gitignore
		codecov.yml = codecov.yml
		CODE_METRICS.md = CODE_METRICS.md
		CODE_OF_CONDUCT.md = CODE_OF_CONDUCT.md
		CONTRIBUTING.md = CONTRIBUTING.md
		docker-compose.yml = docker-compose.yml
		.github\workflows\dotnet.yml = .github\workflows\dotnet.yml
		Global.json = Global.json
		LICENSE = LICENSE
		README.md = README.md
		REFERENCES.md = REFERENCES.md
		runsettings.xml = runsettings.xml
		SECURITY.md = SECURITY.md
		.github\workflows\super-linter-dev.yml = .github\workflows\super-linter-dev.yml
		.github\workflows\super-linter-main.yml = .github\workflows\super-linter-main.yml
	EndProjectSection
EndProject
Project("{9A19103F-16F7-4668-BE54-9A1E7A4F7556}") = "IssueTracker.UI", "src\IssueTracker.UI\IssueTracker.UI.csproj", "{98E7C4E9-D286-4A88-8130-2B60EEE20A2F}"
EndProject
Project("{2150E333-8FDC-42A3-9474-1A3956D46DE8}") = "src", "src", "{6A67744E-6DCA-4EDD-8B65-CEE1BD980F94}"
EndProject
Project("{2150E333-8FDC-42A3-9474-1A3956D46DE8}") = "tests", "tests", "{B1F22674-D86B-4B68-9B40-981FEDE63B18}"
EndProject
Project("{9A19103F-16F7-4668-BE54-9A1E7A4F7556}") = "IssueTracker.CoreBusiness.Tests.Unit", "tests\IssueTracker.Library.Tests.Unit\IssueTracker.CoreBusiness.Tests.Unit.csproj", "{66BCB3A8-C593-4D2A-A0DC-172583DC3F7D}"
EndProject
Project("{9A19103F-16F7-4668-BE54-9A1E7A4F7556}") = "IssueTracker.UI.Tests.Unit", "tests\IssueTracker.UI.Tests.Unit\IssueTracker.UI.Tests.Unit.csproj", "{72C1E7C6-8A49-4F47-B6FB-1D9108DF25F2}"
EndProject
Project("{9A19103F-16F7-4668-BE54-9A1E7A4F7556}") = "TestingSupport.Library", "tests\TestingSupport.Library\TestingSupport.Library.csproj", "{96597D13-52C5-47F5-A12C-009432BC95D5}"
EndProject
Project("{9A19103F-16F7-4668-BE54-9A1E7A4F7556}") = "IssueTracker.PlugIns.Tests.Integration", "tests\IssueTracker.Library.Tests.Integration\IssueTracker.PlugIns.Tests.Integration.csproj", "{5921AF39-D4B7-4F03-9F7F-CD3BE3C6866B}"
EndProject
Project("{2150E333-8FDC-42A3-9474-1A3956D46DE8}") = "PlugIns", "PlugIns", "{8FB7CF4F-BAE3-4E92-B540-26CCC87A2C69}"
EndProject
Project("{9A19103F-16F7-4668-BE54-9A1E7A4F7556}") = "IssueTracker.PlugIns.Mongo", "src\PlugIns\IssueTracker.PlugIns.Mongo\IssueTracker.PlugIns.Mongo.csproj", "{5B261B65-8753-4229-B55C-D785D9990218}"
EndProject
Project("{2150E333-8FDC-42A3-9474-1A3956D46DE8}") = "CoreBusiness", "CoreBusiness", "{553C8F4C-3C73-46F2-AAB9-A60ABC702D6D}"
EndProject
Project("{9A19103F-16F7-4668-BE54-9A1E7A4F7556}") = "IssueTracker.CoreBusiness", "src\CoreBusiness\IssueTracker.CoreBusiness\IssueTracker.CoreBusiness.csproj", "{5AF1B1D5-0E8F-43E3-8E5B-96B41485D3B5}"
EndProject
Project("{2150E333-8FDC-42A3-9474-1A3956D46DE8}") = "UseCases", "UseCases", "{6566C277-DF18-4455-A2E8-B2CE605BEB33}"
EndProject
Project("{9A19103F-16F7-4668-BE54-9A1E7A4F7556}") = "IssueTracker.UseCases", "src\UseCases\IssueTracker.UseCases\IssueTracker.UseCases.csproj", "{EF123647-317A-40CC-879E-8CFF748593EA}"
EndProject
Project("{9A19103F-16F7-4668-BE54-9A1E7A4F7556}") = "IssueTracker.PlugIns.Tests.Unit", "tests\IssueTracker.PlugIns.Mongo.Tests.Unit\IssueTracker.PlugIns.Tests.Unit.csproj", "{07FE2467-4CB1-447E-BF8B-5037897A3D97}"
EndProject
Project("{9A19103F-16F7-4668-BE54-9A1E7A4F7556}") = "IssueTracker.UseCases.Tests.Unit", "tests\IssueTracker.UseCases.Tests.Unit\IssueTracker.UseCases.Tests.Unit.csproj", "{99A5B38D-3A30-4851-ABCB-6AB17097D20D}"
EndProject
Project("{9A19103F-16F7-4668-BE54-9A1E7A4F7556}") = "IssueTracker.PlugIns", "src\PlugIns\IssueTracker.PlugIns\IssueTracker.PlugIns.csproj", "{018A6D6B-493E-44FD-8541-B1E128804AA7}"
EndProject
Global
	GlobalSection(SolutionConfigurationPlatforms) = preSolution
		Debug|Any CPU = Debug|Any CPU
		Release|Any CPU = Release|Any CPU
		Test|Any CPU = Test|Any CPU
	EndGlobalSection
	GlobalSection(ProjectConfigurationPlatforms) = postSolution
		{98E7C4E9-D286-4A88-8130-2B60EEE20A2F}.Debug|Any CPU.ActiveCfg = Debug|Any CPU
		{98E7C4E9-D286-4A88-8130-2B60EEE20A2F}.Debug|Any CPU.Build.0 = Debug|Any CPU
		{98E7C4E9-D286-4A88-8130-2B60EEE20A2F}.Release|Any CPU.ActiveCfg = Release|Any CPU
		{98E7C4E9-D286-4A88-8130-2B60EEE20A2F}.Release|Any CPU.Build.0 = Release|Any CPU
		{98E7C4E9-D286-4A88-8130-2B60EEE20A2F}.Test|Any CPU.ActiveCfg = Test|Any CPU
		{98E7C4E9-D286-4A88-8130-2B60EEE20A2F}.Test|Any CPU.Build.0 = Test|Any CPU
		{66BCB3A8-C593-4D2A-A0DC-172583DC3F7D}.Debug|Any CPU.ActiveCfg = Debug|Any CPU
		{66BCB3A8-C593-4D2A-A0DC-172583DC3F7D}.Debug|Any CPU.Build.0 = Debug|Any CPU
		{66BCB3A8-C593-4D2A-A0DC-172583DC3F7D}.Release|Any CPU.ActiveCfg = Release|Any CPU
		{66BCB3A8-C593-4D2A-A0DC-172583DC3F7D}.Release|Any CPU.Build.0 = Release|Any CPU
		{66BCB3A8-C593-4D2A-A0DC-172583DC3F7D}.Test|Any CPU.ActiveCfg = Test|Any CPU
		{66BCB3A8-C593-4D2A-A0DC-172583DC3F7D}.Test|Any CPU.Build.0 = Test|Any CPU
		{72C1E7C6-8A49-4F47-B6FB-1D9108DF25F2}.Debug|Any CPU.ActiveCfg = Debug|Any CPU
		{72C1E7C6-8A49-4F47-B6FB-1D9108DF25F2}.Debug|Any CPU.Build.0 = Debug|Any CPU
		{72C1E7C6-8A49-4F47-B6FB-1D9108DF25F2}.Release|Any CPU.ActiveCfg = Release|Any CPU
		{72C1E7C6-8A49-4F47-B6FB-1D9108DF25F2}.Release|Any CPU.Build.0 = Release|Any CPU
		{72C1E7C6-8A49-4F47-B6FB-1D9108DF25F2}.Test|Any CPU.ActiveCfg = Test|Any CPU
		{72C1E7C6-8A49-4F47-B6FB-1D9108DF25F2}.Test|Any CPU.Build.0 = Test|Any CPU
		{96597D13-52C5-47F5-A12C-009432BC95D5}.Debug|Any CPU.ActiveCfg = Debug|Any CPU
		{96597D13-52C5-47F5-A12C-009432BC95D5}.Debug|Any CPU.Build.0 = Debug|Any CPU
		{96597D13-52C5-47F5-A12C-009432BC95D5}.Release|Any CPU.ActiveCfg = Release|Any CPU
		{96597D13-52C5-47F5-A12C-009432BC95D5}.Release|Any CPU.Build.0 = Release|Any CPU
		{96597D13-52C5-47F5-A12C-009432BC95D5}.Test|Any CPU.ActiveCfg = Test|Any CPU
		{96597D13-52C5-47F5-A12C-009432BC95D5}.Test|Any CPU.Build.0 = Test|Any CPU
		{5921AF39-D4B7-4F03-9F7F-CD3BE3C6866B}.Debug|Any CPU.ActiveCfg = Debug|Any CPU
		{5921AF39-D4B7-4F03-9F7F-CD3BE3C6866B}.Debug|Any CPU.Build.0 = Debug|Any CPU
		{5921AF39-D4B7-4F03-9F7F-CD3BE3C6866B}.Release|Any CPU.ActiveCfg = Release|Any CPU
		{5921AF39-D4B7-4F03-9F7F-CD3BE3C6866B}.Release|Any CPU.Build.0 = Release|Any CPU
		{5921AF39-D4B7-4F03-9F7F-CD3BE3C6866B}.Test|Any CPU.ActiveCfg = Test|Any CPU
		{5921AF39-D4B7-4F03-9F7F-CD3BE3C6866B}.Test|Any CPU.Build.0 = Test|Any CPU
		{5B261B65-8753-4229-B55C-D785D9990218}.Debug|Any CPU.ActiveCfg = Debug|Any CPU
		{5B261B65-8753-4229-B55C-D785D9990218}.Debug|Any CPU.Build.0 = Debug|Any CPU
		{5B261B65-8753-4229-B55C-D785D9990218}.Release|Any CPU.ActiveCfg = Release|Any CPU
		{5B261B65-8753-4229-B55C-D785D9990218}.Release|Any CPU.Build.0 = Release|Any CPU
		{5B261B65-8753-4229-B55C-D785D9990218}.Test|Any CPU.ActiveCfg = Debug|Any CPU
		{5B261B65-8753-4229-B55C-D785D9990218}.Test|Any CPU.Build.0 = Debug|Any CPU
		{5AF1B1D5-0E8F-43E3-8E5B-96B41485D3B5}.Debug|Any CPU.ActiveCfg = Debug|Any CPU
		{5AF1B1D5-0E8F-43E3-8E5B-96B41485D3B5}.Debug|Any CPU.Build.0 = Debug|Any CPU
		{5AF1B1D5-0E8F-43E3-8E5B-96B41485D3B5}.Release|Any CPU.ActiveCfg = Release|Any CPU
		{5AF1B1D5-0E8F-43E3-8E5B-96B41485D3B5}.Release|Any CPU.Build.0 = Release|Any CPU
		{5AF1B1D5-0E8F-43E3-8E5B-96B41485D3B5}.Test|Any CPU.ActiveCfg = Debug|Any CPU
		{5AF1B1D5-0E8F-43E3-8E5B-96B41485D3B5}.Test|Any CPU.Build.0 = Debug|Any CPU
		{EF123647-317A-40CC-879E-8CFF748593EA}.Debug|Any CPU.ActiveCfg = Debug|Any CPU
		{EF123647-317A-40CC-879E-8CFF748593EA}.Debug|Any CPU.Build.0 = Debug|Any CPU
		{EF123647-317A-40CC-879E-8CFF748593EA}.Release|Any CPU.ActiveCfg = Release|Any CPU
		{EF123647-317A-40CC-879E-8CFF748593EA}.Release|Any CPU.Build.0 = Release|Any CPU
		{EF123647-317A-40CC-879E-8CFF748593EA}.Test|Any CPU.ActiveCfg = Debug|Any CPU
		{EF123647-317A-40CC-879E-8CFF748593EA}.Test|Any CPU.Build.0 = Debug|Any CPU
		{07FE2467-4CB1-447E-BF8B-5037897A3D97}.Debug|Any CPU.ActiveCfg = Debug|Any CPU
		{07FE2467-4CB1-447E-BF8B-5037897A3D97}.Debug|Any CPU.Build.0 = Debug|Any CPU
		{07FE2467-4CB1-447E-BF8B-5037897A3D97}.Release|Any CPU.ActiveCfg = Release|Any CPU
		{07FE2467-4CB1-447E-BF8B-5037897A3D97}.Release|Any CPU.Build.0 = Release|Any CPU
		{07FE2467-4CB1-447E-BF8B-5037897A3D97}.Test|Any CPU.ActiveCfg = Debug|Any CPU
		{07FE2467-4CB1-447E-BF8B-5037897A3D97}.Test|Any CPU.Build.0 = Debug|Any CPU
		{99A5B38D-3A30-4851-ABCB-6AB17097D20D}.Debug|Any CPU.ActiveCfg = Debug|Any CPU
		{99A5B38D-3A30-4851-ABCB-6AB17097D20D}.Debug|Any CPU.Build.0 = Debug|Any CPU
		{99A5B38D-3A30-4851-ABCB-6AB17097D20D}.Release|Any CPU.ActiveCfg = Release|Any CPU
		{99A5B38D-3A30-4851-ABCB-6AB17097D20D}.Release|Any CPU.Build.0 = Release|Any CPU
		{99A5B38D-3A30-4851-ABCB-6AB17097D20D}.Test|Any CPU.ActiveCfg = Debug|Any CPU
		{99A5B38D-3A30-4851-ABCB-6AB17097D20D}.Test|Any CPU.Build.0 = Debug|Any CPU
		{018A6D6B-493E-44FD-8541-B1E128804AA7}.Debug|Any CPU.ActiveCfg = Debug|Any CPU
		{018A6D6B-493E-44FD-8541-B1E128804AA7}.Debug|Any CPU.Build.0 = Debug|Any CPU
		{018A6D6B-493E-44FD-8541-B1E128804AA7}.Release|Any CPU.ActiveCfg = Release|Any CPU
		{018A6D6B-493E-44FD-8541-B1E128804AA7}.Release|Any CPU.Build.0 = Release|Any CPU
		{018A6D6B-493E-44FD-8541-B1E128804AA7}.Test|Any CPU.ActiveCfg = Debug|Any CPU
		{018A6D6B-493E-44FD-8541-B1E128804AA7}.Test|Any CPU.Build.0 = Debug|Any CPU
	EndGlobalSection
	GlobalSection(SolutionProperties) = preSolution
		HideSolutionNode = FALSE
	EndGlobalSection
	GlobalSection(NestedProjects) = preSolution
		{98E7C4E9-D286-4A88-8130-2B60EEE20A2F} = {6A67744E-6DCA-4EDD-8B65-CEE1BD980F94}
		{66BCB3A8-C593-4D2A-A0DC-172583DC3F7D} = {B1F22674-D86B-4B68-9B40-981FEDE63B18}
		{72C1E7C6-8A49-4F47-B6FB-1D9108DF25F2} = {B1F22674-D86B-4B68-9B40-981FEDE63B18}
		{96597D13-52C5-47F5-A12C-009432BC95D5} = {B1F22674-D86B-4B68-9B40-981FEDE63B18}
		{5921AF39-D4B7-4F03-9F7F-CD3BE3C6866B} = {B1F22674-D86B-4B68-9B40-981FEDE63B18}
		{8FB7CF4F-BAE3-4E92-B540-26CCC87A2C69} = {6A67744E-6DCA-4EDD-8B65-CEE1BD980F94}
		{5B261B65-8753-4229-B55C-D785D9990218} = {8FB7CF4F-BAE3-4E92-B540-26CCC87A2C69}
		{553C8F4C-3C73-46F2-AAB9-A60ABC702D6D} = {6A67744E-6DCA-4EDD-8B65-CEE1BD980F94}
		{5AF1B1D5-0E8F-43E3-8E5B-96B41485D3B5} = {553C8F4C-3C73-46F2-AAB9-A60ABC702D6D}
		{6566C277-DF18-4455-A2E8-B2CE605BEB33} = {6A67744E-6DCA-4EDD-8B65-CEE1BD980F94}
		{EF123647-317A-40CC-879E-8CFF748593EA} = {6566C277-DF18-4455-A2E8-B2CE605BEB33}
		{07FE2467-4CB1-447E-BF8B-5037897A3D97} = {B1F22674-D86B-4B68-9B40-981FEDE63B18}
		{99A5B38D-3A30-4851-ABCB-6AB17097D20D} = {B1F22674-D86B-4B68-9B40-981FEDE63B18}
		{018A6D6B-493E-44FD-8541-B1E128804AA7} = {8FB7CF4F-BAE3-4E92-B540-26CCC87A2C69}
	EndGlobalSection
	GlobalSection(ExtensibilityGlobals) = postSolution
		SolutionGuid = {A9FA12D9-95E2-48B0-80B8-5454EF697A8E}
	EndGlobalSection
EndGlobal
